
Microsoft Visual Studio Solution File, Format Version 12.00
# Visual Studio Version 17
VisualStudioVersion = 17.5.002.0
MinimumVisualStudioVersion = 10.0.40219.1
Project("{9A19103F-16F7-4668-BE54-9A1E7A4F7556}") = "webapi-dotnet", "webapi-dotnet.csproj", "{0A334F0D-3CEB-442D-A0BA-60E5D11CE36F}"
EndProject
Global
	GlobalSection(SolutionConfigurationPlatforms) = preSolution
		Debug|Any CPU = Debug|Any CPU
		Release|Any CPU = Release|Any CPU
	EndGlobalSection
	GlobalSection(ProjectConfigurationPlatforms) = postSolution
		{0A334F0D-3CEB-442D-A0BA-60E5D11CE36F}.Debug|Any CPU.ActiveCfg = Debug|Any CPU
		{0A334F0D-3CEB-442D-A0BA-60E5D11CE36F}.Debug|Any CPU.Build.0 = Debug|Any CPU
		{0A334F0D-3CEB-442D-A0BA-60E5D11CE36F}.Release|Any CPU.ActiveCfg = Release|Any CPU
		{0A334F0D-3CEB-442D-A0BA-60E5D11CE36F}.Release|Any CPU.Build.0 = Release|Any CPU
	EndGlobalSection
	GlobalSection(SolutionProperties) = preSolution
		HideSolutionNode = FALSE
	EndGlobalSection
	GlobalSection(ExtensibilityGlobals) = postSolution
		SolutionGuid = {05EA9DEB-1C24-4082-BBDA-D0C31A87F285}
	EndGlobalSection
EndGlobal
